
Microsoft Visual Studio Solution File, Format Version 12.00
# Visual Studio Version 17
VisualStudioVersion = 17.5.33414.496
MinimumVisualStudioVersion = 10.0.40219.1
Project("{FAE04EC0-301F-11D3-BF4B-00C04F79EFBC}") = "Laboratorio 1", "Laboratorio 1\Laboratorio 1.csproj", "{1AF28634-C4A9-4FF0-A1B6-D896E93CC16B}"
EndProject
Global
	GlobalSection(SolutionConfigurationPlatforms) = preSolution
		Debug|Any CPU = Debug|Any CPU
		Release|Any CPU = Release|Any CPU
	EndGlobalSection
	GlobalSection(ProjectConfigurationPlatforms) = postSolution
		{1AF28634-C4A9-4FF0-A1B6-D896E93CC16B}.Debug|Any CPU.ActiveCfg = Debug|Any CPU
		{1AF28634-C4A9-4FF0-A1B6-D896E93CC16B}.Debug|Any CPU.Build.0 = Debug|Any CPU
		{1AF28634-C4A9-4FF0-A1B6-D896E93CC16B}.Release|Any CPU.ActiveCfg = Release|Any CPU
		{1AF28634-C4A9-4FF0-A1B6-D896E93CC16B}.Release|Any CPU.Build.0 = Release|Any CPU
	EndGlobalSection
	GlobalSection(SolutionProperties) = preSolution
		HideSolutionNode = FALSE
	EndGlobalSection
	GlobalSection(ExtensibilityGlobals) = postSolution
		SolutionGuid = {A0A29C75-F6CB-41DE-A0AA-48F97B6D92A3}
	EndGlobalSection
EndGlobal
